
Microsoft Visual Studio Solution File, Format Version 12.00
# Visual Studio Version 17
VisualStudioVersion = 17.9.34701.34
MinimumVisualStudioVersion = 10.0.40219.1
Project("{FAE04EC0-301F-11D3-BF4B-00C04F79EFBC}") = "POO_C#_Interfaces_Amplexa", "POO_C#_Interfaces_Amplexa.csproj", "{FA741D41-E2B1-48E3-BC58-07C5CAE8A459}"
EndProject
Global
	GlobalSection(SolutionConfigurationPlatforms) = preSolution
		Debug|Any CPU = Debug|Any CPU
		Release|Any CPU = Release|Any CPU
	EndGlobalSection
	GlobalSection(ProjectConfigurationPlatforms) = postSolution
		{FA741D41-E2B1-48E3-BC58-07C5CAE8A459}.Debug|Any CPU.ActiveCfg = Debug|Any CPU
		{FA741D41-E2B1-48E3-BC58-07C5CAE8A459}.Debug|Any CPU.Build.0 = Debug|Any CPU
		{FA741D41-E2B1-48E3-BC58-07C5CAE8A459}.Release|Any CPU.ActiveCfg = Release|Any CPU
		{FA741D41-E2B1-48E3-BC58-07C5CAE8A459}.Release|Any CPU.Build.0 = Release|Any CPU
	EndGlobalSection
	GlobalSection(SolutionProperties) = preSolution
		HideSolutionNode = FALSE
	EndGlobalSection
	GlobalSection(ExtensibilityGlobals) = postSolution
		SolutionGuid = {2CE08AE3-0B0F-475D-BCCB-6B7BE1CC686D}
	EndGlobalSection
EndGlobal
