
Microsoft Visual Studio Solution File, Format Version 12.00
# Visual Studio Version 17
VisualStudioVersion = 17.8.34525.116
MinimumVisualStudioVersion = 10.0.40219.1
Project("{FAE04EC0-301F-11D3-BF4B-00C04F79EFBC}") = "Comercio", "Comercio.csproj", "{8A40AFB9-709F-4DE3-A494-C5C03EFDB9E4}"
EndProject
Global
	GlobalSection(SolutionConfigurationPlatforms) = preSolution
		Debug|Any CPU = Debug|Any CPU
		Release|Any CPU = Release|Any CPU
	EndGlobalSection
	GlobalSection(ProjectConfigurationPlatforms) = postSolution
		{8A40AFB9-709F-4DE3-A494-C5C03EFDB9E4}.Debug|Any CPU.ActiveCfg = Debug|Any CPU
		{8A40AFB9-709F-4DE3-A494-C5C03EFDB9E4}.Debug|Any CPU.Build.0 = Debug|Any CPU
		{8A40AFB9-709F-4DE3-A494-C5C03EFDB9E4}.Release|Any CPU.ActiveCfg = Release|Any CPU
		{8A40AFB9-709F-4DE3-A494-C5C03EFDB9E4}.Release|Any CPU.Build.0 = Release|Any CPU
	EndGlobalSection
	GlobalSection(SolutionProperties) = preSolution
		HideSolutionNode = FALSE
	EndGlobalSection
	GlobalSection(ExtensibilityGlobals) = postSolution
		SolutionGuid = {99FB263F-FA57-4B2D-9750-134BC5C3485C}
	EndGlobalSection
EndGlobal
